
Microsoft Visual Studio Solution File, Format Version 12.00
Project("{FAE04EC0-301F-11D3-BF4B-00C04F79EFBC}") = "TimeTracker.API", "TimeTracker.API\TimeTracker.API.csproj", "{16380812-4B1C-4256-884A-1D33802FA251}"
EndProject
Project("{FAE04EC0-301F-11D3-BF4B-00C04F79EFBC}") = "TimeTracker.Shared", "TimeTracker.Shared\TimeTracker.Shared.csproj", "{D4028013-D9CB-4F5A-AFF2-8C7023A779BF}"
EndProject
Global
	GlobalSection(SolutionConfigurationPlatforms) = preSolution
		Debug|Any CPU = Debug|Any CPU
		Release|Any CPU = Release|Any CPU
	EndGlobalSection
	GlobalSection(ProjectConfigurationPlatforms) = postSolution
		{16380812-4B1C-4256-884A-1D33802FA251}.Debug|Any CPU.ActiveCfg = Debug|Any CPU
		{16380812-4B1C-4256-884A-1D33802FA251}.Debug|Any CPU.Build.0 = Debug|Any CPU
		{16380812-4B1C-4256-884A-1D33802FA251}.Release|Any CPU.ActiveCfg = Release|Any CPU
		{16380812-4B1C-4256-884A-1D33802FA251}.Release|Any CPU.Build.0 = Release|Any CPU
		{D4028013-D9CB-4F5A-AFF2-8C7023A779BF}.Debug|Any CPU.ActiveCfg = Debug|Any CPU
		{D4028013-D9CB-4F5A-AFF2-8C7023A779BF}.Debug|Any CPU.Build.0 = Debug|Any CPU
		{D4028013-D9CB-4F5A-AFF2-8C7023A779BF}.Release|Any CPU.ActiveCfg = Release|Any CPU
		{D4028013-D9CB-4F5A-AFF2-8C7023A779BF}.Release|Any CPU.Build.0 = Release|Any CPU
	EndGlobalSection
EndGlobal
